
Microsoft Visual Studio Solution File, Format Version 12.00
# Visual Studio 15
VisualStudioVersion = 15.0.27004.2010
MinimumVisualStudioVersion = 10.0.40219.1
Project("{9A19103F-16F7-4668-BE54-9A1E7A4F7556}") = "AspNet.Identity.Cassandra", "AspNet.Identity.Cassandra\AspNet.Identity.Cassandra.csproj", "{6A15A151-B338-4498-8C05-CD9A1F1E333D}"
EndProject
Project("{9A19103F-16F7-4668-BE54-9A1E7A4F7556}") = "AspNet.Identity.Cassandra.IntegrationTests", "AspNet.Identity.Cassandra.IntegrationTests\AspNet.Identity.Cassandra.IntegrationTests.csproj", "{342AC911-C623-4419-81F3-F6662C20587A}"
EndProject
Project("{2150E333-8FDC-42A3-9474-1A3956D46DE8}") = "Solution Items", "Solution Items", "{503E7308-6E58-4BAC-8148-E810518469A5}"
	ProjectSection(SolutionItems) = preProject
		LICENSE = LICENSE
		paket.dependencies = paket.dependencies
		paket.lock = paket.lock
		README.md = README.md
	EndProjectSection
EndProject
Global
	GlobalSection(SolutionConfigurationPlatforms) = preSolution
		Debug|Any CPU = Debug|Any CPU
		Release|Any CPU = Release|Any CPU
	EndGlobalSection
	GlobalSection(ProjectConfigurationPlatforms) = postSolution
		{6A15A151-B338-4498-8C05-CD9A1F1E333D}.Debug|Any CPU.ActiveCfg = Debug|Any CPU
		{6A15A151-B338-4498-8C05-CD9A1F1E333D}.Debug|Any CPU.Build.0 = Debug|Any CPU
		{6A15A151-B338-4498-8C05-CD9A1F1E333D}.Release|Any CPU.ActiveCfg = Release|Any CPU
		{6A15A151-B338-4498-8C05-CD9A1F1E333D}.Release|Any CPU.Build.0 = Release|Any CPU
		{342AC911-C623-4419-81F3-F6662C20587A}.Debug|Any CPU.ActiveCfg = Debug|Any CPU
		{342AC911-C623-4419-81F3-F6662C20587A}.Debug|Any CPU.Build.0 = Debug|Any CPU
		{342AC911-C623-4419-81F3-F6662C20587A}.Release|Any CPU.ActiveCfg = Release|Any CPU
		{342AC911-C623-4419-81F3-F6662C20587A}.Release|Any CPU.Build.0 = Release|Any CPU
	EndGlobalSection
	GlobalSection(SolutionProperties) = preSolution
		HideSolutionNode = FALSE
	EndGlobalSection
	GlobalSection(ExtensibilityGlobals) = postSolution
		SolutionGuid = {F581E04A-3A94-41D8-914E-B2D0C7716E3A}
	EndGlobalSection
EndGlobal
